
Microsoft Visual Studio Solution File, Format Version 12.00
# Visual Studio Version 16
VisualStudioVersion = 16.0.30225.117
MinimumVisualStudioVersion = 10.0.40219.1
Project("{FAE04EC0-301F-11D3-BF4B-00C04F79EFBC}") = "xPCB_RefDesArranger", "xPCB_RefDesArranger.csproj", "{F48BD006-B5E4-4271-B580-A90A3BE9041C}"
EndProject
Global
	GlobalSection(SolutionConfigurationPlatforms) = preSolution
		Debug|Any CPU = Debug|Any CPU
		Release|Any CPU = Release|Any CPU
		xPCB_Release|Any CPU = xPCB_Release|Any CPU
	EndGlobalSection
	GlobalSection(ProjectConfigurationPlatforms) = postSolution
		{F48BD006-B5E4-4271-B580-A90A3BE9041C}.Debug|Any CPU.ActiveCfg = Debug|Any CPU
		{F48BD006-B5E4-4271-B580-A90A3BE9041C}.Debug|Any CPU.Build.0 = Debug|Any CPU
		{F48BD006-B5E4-4271-B580-A90A3BE9041C}.Release|Any CPU.ActiveCfg = Release|Any CPU
		{F48BD006-B5E4-4271-B580-A90A3BE9041C}.Release|Any CPU.Build.0 = Release|Any CPU
		{F48BD006-B5E4-4271-B580-A90A3BE9041C}.xPCB_Release|Any CPU.ActiveCfg = xPCB_Release|Any CPU
		{F48BD006-B5E4-4271-B580-A90A3BE9041C}.xPCB_Release|Any CPU.Build.0 = xPCB_Release|Any CPU
	EndGlobalSection
	GlobalSection(SolutionProperties) = preSolution
		HideSolutionNode = FALSE
	EndGlobalSection
	GlobalSection(ExtensibilityGlobals) = postSolution
		SolutionGuid = {4FB0998F-7F67-4503-B159-706B404F1D3F}
	EndGlobalSection
EndGlobal
